
Microsoft Visual Studio Solution File, Format Version 12.00
# Visual Studio 2013
VisualStudioVersion = 12.0.31101.0
MinimumVisualStudioVersion = 10.0.40219.1
Project("{8BC9CEB8-8B4A-11D0-8D11-00A0C91BC942}") = "SDK", "SDK\SDK.vcxproj", "{4D8BEF51-14BA-4C62-8F02-39A07A27C75B}"
EndProject
Project("{8BC9CEB8-8B4A-11D0-8D11-00A0C91BC942}") = "Renderer", "Renderer\Renderer.vcxproj", "{7BC75946-C10F-4320-A978-75C13666B37C}"
EndProject
Project("{8BC9CEB8-8B4A-11D0-8D11-00A0C91BC942}") = "CoreEngine", "CoreEngine\CoreEngine.vcxproj", "{31BC4EEB-8A3D-4852-8EDF-71CE2481C704}"
EndProject
Project("{8BC9CEB8-8B4A-11D0-8D11-00A0C91BC942}") = "GLImplementation", "GLImplementation\GLImplementation.vcxproj", "{B8497C86-7615-42EE-94B2-FF02D1D68B9D}"
EndProject
Project("{8BC9CEB8-8B4A-11D0-8D11-00A0C91BC942}") = "Image360", "Image360\Image360.vcxproj", "{17C0CFFE-5CF8-4238-9944-C81A3496972C}"
EndProject
Project("{8BC9CEB8-8B4A-11D0-8D11-00A0C91BC942}") = "TestApp", "TestApp\TestApp.vcxproj", "{FF73BAE7-0261-4149-8027-03D80C209FAD}"
EndProject
Project("{8BC9CEB8-8B4A-11D0-8D11-00A0C91BC942}") = "WindowsImplementation", "WindowsImplementation\WindowsImplementation.vcxproj", "{54FD5D63-F6B5-4784-935A-C3B2F1A64E27}"
EndProject
Project("{8BC9CEB8-8B4A-11D0-8D11-00A0C91BC942}") = "TestAppWindowsLauncher", "TestAppWindowsLauncher\TestAppWindowsLauncher.vcxproj", "{EEE07970-D567-484A-B227-79A7F7CDD3CD}"
EndProject
Global
	GlobalSection(SolutionConfigurationPlatforms) = preSolution
		Debug|ARM = Debug|ARM
		Debug|Mixed Platforms = Debug|Mixed Platforms
		Debug|Win32 = Debug|Win32
		Debug|x64 = Debug|x64
		Release|ARM = Release|ARM
		Release|Mixed Platforms = Release|Mixed Platforms
		Release|Win32 = Release|Win32
		Release|x64 = Release|x64
	EndGlobalSection
	GlobalSection(ProjectConfigurationPlatforms) = postSolution
		{4D8BEF51-14BA-4C62-8F02-39A07A27C75B}.Debug|ARM.ActiveCfg = Debug|ARM
		{4D8BEF51-14BA-4C62-8F02-39A07A27C75B}.Debug|ARM.Build.0 = Debug|ARM
		{4D8BEF51-14BA-4C62-8F02-39A07A27C75B}.Debug|Mixed Platforms.ActiveCfg = Debug|Win32
		{4D8BEF51-14BA-4C62-8F02-39A07A27C75B}.Debug|Mixed Platforms.Build.0 = Debug|Win32
		{4D8BEF51-14BA-4C62-8F02-39A07A27C75B}.Debug|Win32.ActiveCfg = Debug|x64
		{4D8BEF51-14BA-4C62-8F02-39A07A27C75B}.Debug|Win32.Build.0 = Debug|x64
		{4D8BEF51-14BA-4C62-8F02-39A07A27C75B}.Debug|x64.ActiveCfg = Debug|x64
		{4D8BEF51-14BA-4C62-8F02-39A07A27C75B}.Debug|x64.Build.0 = Debug|x64
		{4D8BEF51-14BA-4C62-8F02-39A07A27C75B}.Release|ARM.ActiveCfg = Release|ARM
		{4D8BEF51-14BA-4C62-8F02-39A07A27C75B}.Release|ARM.Build.0 = Release|ARM
		{4D8BEF51-14BA-4C62-8F02-39A07A27C75B}.Release|Mixed Platforms.ActiveCfg = Release|Win32
		{4D8BEF51-14BA-4C62-8F02-39A07A27C75B}.Release|Mixed Platforms.Build.0 = Release|Win32
		{4D8BEF51-14BA-4C62-8F02-39A07A27C75B}.Release|Win32.ActiveCfg = Release|Win32
		{4D8BEF51-14BA-4C62-8F02-39A07A27C75B}.Release|Win32.Build.0 = Release|Win32
		{4D8BEF51-14BA-4C62-8F02-39A07A27C75B}.Release|x64.ActiveCfg = Release|x64
		{4D8BEF51-14BA-4C62-8F02-39A07A27C75B}.Release|x64.Build.0 = Release|x64
		{7BC75946-C10F-4320-A978-75C13666B37C}.Debug|ARM.ActiveCfg = Debug|ARM
		{7BC75946-C10F-4320-A978-75C13666B37C}.Debug|ARM.Build.0 = Debug|ARM
		{7BC75946-C10F-4320-A978-75C13666B37C}.Debug|Mixed Platforms.ActiveCfg = Debug|Win32
		{7BC75946-C10F-4320-A978-75C13666B37C}.Debug|Mixed Platforms.Build.0 = Debug|Win32
		{7BC75946-C10F-4320-A978-75C13666B37C}.Debug|Win32.ActiveCfg = Debug|x64
		{7BC75946-C10F-4320-A978-75C13666B37C}.Debug|Win32.Build.0 = Debug|x64
		{7BC75946-C10F-4320-A978-75C13666B37C}.Debug|x64.ActiveCfg = Debug|x64
		{7BC75946-C10F-4320-A978-75C13666B37C}.Debug|x64.Build.0 = Debug|x64
		{7BC75946-C10F-4320-A978-75C13666B37C}.Release|ARM.ActiveCfg = Release|ARM
		{7BC75946-C10F-4320-A978-75C13666B37C}.Release|ARM.Build.0 = Release|ARM
		{7BC75946-C10F-4320-A978-75C13666B37C}.Release|Mixed Platforms.ActiveCfg = Release|Win32
		{7BC75946-C10F-4320-A978-75C13666B37C}.Release|Mixed Platforms.Build.0 = Release|Win32
		{7BC75946-C10F-4320-A978-75C13666B37C}.Release|Win32.ActiveCfg = Release|Win32
		{7BC75946-C10F-4320-A978-75C13666B37C}.Release|Win32.Build.0 = Release|Win32
		{7BC75946-C10F-4320-A978-75C13666B37C}.Release|x64.ActiveCfg = Release|x64
		{7BC75946-C10F-4320-A978-75C13666B37C}.Release|x64.Build.0 = Release|x64
		{31BC4EEB-8A3D-4852-8EDF-71CE2481C704}.Debug|ARM.ActiveCfg = Debug|ARM
		{31BC4EEB-8A3D-4852-8EDF-71CE2481C704}.Debug|ARM.Build.0 = Debug|ARM
		{31BC4EEB-8A3D-4852-8EDF-71CE2481C704}.Debug|Mixed Platforms.ActiveCfg = Debug|Win32
		{31BC4EEB-8A3D-4852-8EDF-71CE2481C704}.Debug|Mixed Platforms.Build.0 = Debug|Win32
		{31BC4EEB-8A3D-4852-8EDF-71CE2481C704}.Debug|Win32.ActiveCfg = Debug|x64
		{31BC4EEB-8A3D-4852-8EDF-71CE2481C704}.Debug|Win32.Build.0 = Debug|x64
		{31BC4EEB-8A3D-4852-8EDF-71CE2481C704}.Debug|x64.ActiveCfg = Debug|x64
		{31BC4EEB-8A3D-4852-8EDF-71CE2481C704}.Debug|x64.Build.0 = Debug|x64
		{31BC4EEB-8A3D-4852-8EDF-71CE2481C704}.Release|ARM.ActiveCfg = Release|ARM
		{31BC4EEB-8A3D-4852-8EDF-71CE2481C704}.Release|ARM.Build.0 = Release|ARM
		{31BC4EEB-8A3D-4852-8EDF-71CE2481C704}.Release|Mixed Platforms.ActiveCfg = Release|Win32
		{31BC4EEB-8A3D-4852-8EDF-71CE2481C704}.Release|Mixed Platforms.Build.0 = Release|Win32
		{31BC4EEB-8A3D-4852-8EDF-71CE2481C704}.Release|Win32.ActiveCfg = Release|Win32
		{31BC4EEB-8A3D-4852-8EDF-71CE2481C704}.Release|Win32.Build.0 = Release|Win32
		{31BC4EEB-8A3D-4852-8EDF-71CE2481C704}.Release|x64.ActiveCfg = Release|x64
		{31BC4EEB-8A3D-4852-8EDF-71CE2481C704}.Release|x64.Build.0 = Release|x64
		{B8497C86-7615-42EE-94B2-FF02D1D68B9D}.Debug|ARM.ActiveCfg = Debug|ARM
		{B8497C86-7615-42EE-94B2-FF02D1D68B9D}.Debug|ARM.Build.0 = Debug|ARM
		{B8497C86-7615-42EE-94B2-FF02D1D68B9D}.Debug|Mixed Platforms.ActiveCfg = Debug|Win32
		{B8497C86-7615-42EE-94B2-FF02D1D68B9D}.Debug|Mixed Platforms.Build.0 = Debug|Win32
		{B8497C86-7615-42EE-94B2-FF02D1D68B9D}.Debug|Win32.ActiveCfg = Debug|x64
		{B8497C86-7615-42EE-94B2-FF02D1D68B9D}.Debug|Win32.Build.0 = Debug|x64
		{B8497C86-7615-42EE-94B2-FF02D1D68B9D}.Debug|x64.ActiveCfg = Debug|x64
		{B8497C86-7615-42EE-94B2-FF02D1D68B9D}.Debug|x64.Build.0 = Debug|x64
		{B8497C86-7615-42EE-94B2-FF02D1D68B9D}.Release|ARM.ActiveCfg = Release|ARM
		{B8497C86-7615-42EE-94B2-FF02D1D68B9D}.Release|ARM.Build.0 = Release|ARM
		{B8497C86-7615-42EE-94B2-FF02D1D68B9D}.Release|Mixed Platforms.ActiveCfg = Release|Win32
		{B8497C86-7615-42EE-94B2-FF02D1D68B9D}.Release|Mixed Platforms.Build.0 = Release|Win32
		{B8497C86-7615-42EE-94B2-FF02D1D68B9D}.Release|Win32.ActiveCfg = Release|Win32
		{B8497C86-7615-42EE-94B2-FF02D1D68B9D}.Release|Win32.Build.0 = Release|Win32
		{B8497C86-7615-42EE-94B2-FF02D1D68B9D}.Release|x64.ActiveCfg = Release|x64
		{B8497C86-7615-42EE-94B2-FF02D1D68B9D}.Release|x64.Build.0 = Release|x64
		{17C0CFFE-5CF8-4238-9944-C81A3496972C}.Debug|ARM.ActiveCfg = Debug|ARM
		{17C0CFFE-5CF8-4238-9944-C81A3496972C}.Debug|ARM.Build.0 = Debug|ARM
		{17C0CFFE-5CF8-4238-9944-C81A3496972C}.Debug|Mixed Platforms.ActiveCfg = Debug|Win32
		{17C0CFFE-5CF8-4238-9944-C81A3496972C}.Debug|Mixed Platforms.Build.0 = Debug|Win32
		{17C0CFFE-5CF8-4238-9944-C81A3496972C}.Debug|Win32.ActiveCfg = Debug|x64
		{17C0CFFE-5CF8-4238-9944-C81A3496972C}.Debug|Win32.Build.0 = Debug|x64
		{17C0CFFE-5CF8-4238-9944-C81A3496972C}.Debug|x64.ActiveCfg = Debug|x64
		{17C0CFFE-5CF8-4238-9944-C81A3496972C}.Debug|x64.Build.0 = Debug|x64
		{17C0CFFE-5CF8-4238-9944-C81A3496972C}.Release|ARM.ActiveCfg = Release|ARM
		{17C0CFFE-5CF8-4238-9944-C81A3496972C}.Release|ARM.Build.0 = Release|ARM
		{17C0CFFE-5CF8-4238-9944-C81A3496972C}.Release|Mixed Platforms.ActiveCfg = Release|Win32
		{17C0CFFE-5CF8-4238-9944-C81A3496972C}.Release|Mixed Platforms.Build.0 = Release|Win32
		{17C0CFFE-5CF8-4238-9944-C81A3496972C}.Release|Win32.ActiveCfg = Release|Win32
		{17C0CFFE-5CF8-4238-9944-C81A3496972C}.Release|Win32.Build.0 = Release|Win32
		{17C0CFFE-5CF8-4238-9944-C81A3496972C}.Release|x64.ActiveCfg = Release|x64
		{17C0CFFE-5CF8-4238-9944-C81A3496972C}.Release|x64.Build.0 = Release|x64
		{FF73BAE7-0261-4149-8027-03D80C209FAD}.Debug|ARM.ActiveCfg = Debug|ARM
		{FF73BAE7-0261-4149-8027-03D80C209FAD}.Debug|ARM.Build.0 = Debug|ARM
		{FF73BAE7-0261-4149-8027-03D80C209FAD}.Debug|Mixed Platforms.ActiveCfg = Debug|Win32
		{FF73BAE7-0261-4149-8027-03D80C209FAD}.Debug|Mixed Platforms.Build.0 = Debug|Win32
		{FF73BAE7-0261-4149-8027-03D80C209FAD}.Debug|Win32.ActiveCfg = Debug|x64
		{FF73BAE7-0261-4149-8027-03D80C209FAD}.Debug|Win32.Build.0 = Debug|x64
		{FF73BAE7-0261-4149-8027-03D80C209FAD}.Debug|x64.ActiveCfg = Debug|x64
		{FF73BAE7-0261-4149-8027-03D80C209FAD}.Debug|x64.Build.0 = Debug|x64
		{FF73BAE7-0261-4149-8027-03D80C209FAD}.Release|ARM.ActiveCfg = Release|ARM
		{FF73BAE7-0261-4149-8027-03D80C209FAD}.Release|ARM.Build.0 = Release|ARM
		{FF73BAE7-0261-4149-8027-03D80C209FAD}.Release|Mixed Platforms.ActiveCfg = Release|Win32
		{FF73BAE7-0261-4149-8027-03D80C209FAD}.Release|Mixed Platforms.Build.0 = Release|Win32
		{FF73BAE7-0261-4149-8027-03D80C209FAD}.Release|Win32.ActiveCfg = Release|Win32
		{FF73BAE7-0261-4149-8027-03D80C209FAD}.Release|Win32.Build.0 = Release|Win32
		{FF73BAE7-0261-4149-8027-03D80C209FAD}.Release|x64.ActiveCfg = Release|x64
		{FF73BAE7-0261-4149-8027-03D80C209FAD}.Release|x64.Build.0 = Release|x64
		{54FD5D63-F6B5-4784-935A-C3B2F1A64E27}.Debug|ARM.ActiveCfg = Debug|ARM
		{54FD5D63-F6B5-4784-935A-C3B2F1A64E27}.Debug|ARM.Build.0 = Debug|ARM
		{54FD5D63-F6B5-4784-935A-C3B2F1A64E27}.Debug|Mixed Platforms.ActiveCfg = Debug|Win32
		{54FD5D63-F6B5-4784-935A-C3B2F1A64E27}.Debug|Mixed Platforms.Build.0 = Debug|Win32
		{54FD5D63-F6B5-4784-935A-C3B2F1A64E27}.Debug|Win32.ActiveCfg = Debug|x64
		{54FD5D63-F6B5-4784-935A-C3B2F1A64E27}.Debug|Win32.Build.0 = Debug|x64
		{54FD5D63-F6B5-4784-935A-C3B2F1A64E27}.Debug|x64.ActiveCfg = Debug|x64
		{54FD5D63-F6B5-4784-935A-C3B2F1A64E27}.Debug|x64.Build.0 = Debug|x64
		{54FD5D63-F6B5-4784-935A-C3B2F1A64E27}.Release|ARM.ActiveCfg = Release|ARM
		{54FD5D63-F6B5-4784-935A-C3B2F1A64E27}.Release|ARM.Build.0 = Release|ARM
		{54FD5D63-F6B5-4784-935A-C3B2F1A64E27}.Release|Mixed Platforms.ActiveCfg = Release|Win32
		{54FD5D63-F6B5-4784-935A-C3B2F1A64E27}.Release|Mixed Platforms.Build.0 = Release|Win32
		{54FD5D63-F6B5-4784-935A-C3B2F1A64E27}.Release|Win32.ActiveCfg = Release|Win32
		{54FD5D63-F6B5-4784-935A-C3B2F1A64E27}.Release|Win32.Build.0 = Release|Win32
		{54FD5D63-F6B5-4784-935A-C3B2F1A64E27}.Release|x64.ActiveCfg = Release|x64
		{54FD5D63-F6B5-4784-935A-C3B2F1A64E27}.Release|x64.Build.0 = Release|x64
		{EEE07970-D567-484A-B227-79A7F7CDD3CD}.Debug|ARM.ActiveCfg = Debug|Win32
		{EEE07970-D567-484A-B227-79A7F7CDD3CD}.Debug|Mixed Platforms.ActiveCfg = Debug|Win32
		{EEE07970-D567-484A-B227-79A7F7CDD3CD}.Debug|Mixed Platforms.Build.0 = Debug|Win32
		{EEE07970-D567-484A-B227-79A7F7CDD3CD}.Debug|Win32.ActiveCfg = Debug|Win32
		{EEE07970-D567-484A-B227-79A7F7CDD3CD}.Debug|Win32.Build.0 = Debug|Win32
		{EEE07970-D567-484A-B227-79A7F7CDD3CD}.Debug|x64.ActiveCfg = Debug|Win32
		{EEE07970-D567-484A-B227-79A7F7CDD3CD}.Release|ARM.ActiveCfg = Release|Win32
		{EEE07970-D567-484A-B227-79A7F7CDD3CD}.Release|Mixed Platforms.ActiveCfg = Release|Win32
		{EEE07970-D567-484A-B227-79A7F7CDD3CD}.Release|Mixed Platforms.Build.0 = Release|Win32
		{EEE07970-D567-484A-B227-79A7F7CDD3CD}.Release|Win32.ActiveCfg = Release|Win32
		{EEE07970-D567-484A-B227-79A7F7CDD3CD}.Release|Win32.Build.0 = Release|Win32
		{EEE07970-D567-484A-B227-79A7F7CDD3CD}.Release|x64.ActiveCfg = Release|Win32
	EndGlobalSection
	GlobalSection(SolutionProperties) = preSolution
		HideSolutionNode = FALSE
	EndGlobalSection
EndGlobal
